{
  "requires": true,
  "lockfileVersion": 1,
  "dependencies": {
    "arr-flatten": {
      "version": "1.1.0",
      "resolved": "https://registry.npmjs.org/arr-flatten/-/arr-flatten-1.1.0.tgz",
      "integrity": "sha512-L3hKV5R/p5o81R7O02IGnwpDmkp6E982XhtbuwSe3O4qOtMMMtodicASA1Cny2U+aCXcNpml+m4dPsvsJ3jatg=="
    },
    "arr-union": {
      "version": "3.1.0",
      "resolved": "https://registry.npmjs.org/arr-union/-/arr-union-3.1.0.tgz",
      "integrity": "sha1-45sJrqne+Gao8gbiiK9jkZuuOcQ="
    },
    "balanced-match": {
      "version": "1.0.0",
      "resolved": "https://registry.npmjs.org/balanced-match/-/balanced-match-1.0.0.tgz",
      "integrity": "sha1-ibTRmasr7kneFk6gK4nORi1xt2c="
    },
    "boolbase": {
      "version": "1.0.0",
      "resolved": "https://registry.npmjs.org/boolbase/-/boolbase-1.0.0.tgz",
      "integrity": "sha1-aN/1++YMUes3cl6p4+0xDcwed24="
    },
    "brace-expansion": {
      "version": "1.1.11",
      "resolved": "https://registry.npmjs.org/brace-expansion/-/brace-expansion-1.1.11.tgz",
      "integrity": "sha512-iCuPHDFgrHX7H2vEI/5xpz07zSHB00TpugqhmYtVmMO6518mCuRMoOYFldEBl0g187ufozdaHgWKcYFb61qGiA==",
      "requires": {
        "balanced-match": "^1.0.0",
        "concat-map": "0.0.1"
      }
    },
    "cheerio": {
      "version": "0.22.0",
      "resolved": "https://registry.npmjs.org/cheerio/-/cheerio-0.22.0.tgz",
      "integrity": "sha1-qbqoYKP5tZWmuBsahocxIe06Jp4=",
      "requires": {
        "css-select": "~1.2.0",
        "dom-serializer": "~0.1.0",
        "entities": "~1.1.1",
        "htmlparser2": "^3.9.1",
        "lodash.assignin": "^4.0.9",
        "lodash.bind": "^4.1.4",
        "lodash.defaults": "^4.0.1",
        "lodash.filter": "^4.4.0",
        "lodash.flatten": "^4.2.0",
        "lodash.foreach": "^4.3.0",
        "lodash.map": "^4.4.0",
        "lodash.merge": "^4.4.0",
        "lodash.pick": "^4.2.1",
        "lodash.reduce": "^4.4.0",
        "lodash.reject": "^4.4.0",
        "lodash.some": "^4.4.0"
      }
    },
    "collapse-object": {
      "version": "0.1.0",
      "resolved": "https://registry.npmjs.org/collapse-object/-/collapse-object-0.1.0.tgz",
      "integrity": "sha1-XFP32jTkZOaXARzm9K7nO4iILBU=",
      "requires": {
        "expand-object": "^0.3.6",
        "kind-of": "^2.0.0",
        "regex-flags": "^0.1.0"
      }
    },
    "collection-visit": {
      "version": "0.1.1",
      "resolved": "https://registry.npmjs.org/collection-visit/-/collection-visit-0.1.1.tgz",
      "integrity": "sha1-6m+TfjQHSHJcKBB6Z0VU33WeBww=",
      "requires": {
        "map-visit": "^0.1.0",
        "object-visit": "^0.1.0"
      }
    },
    "colors": {
      "version": "1.3.3",
      "resolved": "https://registry.npmjs.org/colors/-/colors-1.3.3.tgz",
      "integrity": "sha1-OeAF1Uav4B4B+cTKj6UPaGoBIF0="
    },
    "command-exists": {
      "version": "1.2.8",
      "resolved": "https://registry.npmjs.org/command-exists/-/command-exists-1.2.8.tgz",
      "integrity": "sha512-PM54PkseWbiiD/mMsbvW351/u+dafwTJ0ye2qB60G1aGQP9j3xK2gmMDc+R34L3nDtx4qMCitXT75mkbkGJDLw=="
    },
    "component-emitter": {
      "version": "1.2.1",
      "resolved": "https://registry.npmjs.org/component-emitter/-/component-emitter-1.2.1.tgz",
      "integrity": "sha1-E3kY1teCg/ffemt8WmPhQOaUJeY="
    },
    "concat-map": {
      "version": "0.0.1",
      "resolved": "https://registry.npmjs.org/concat-map/-/concat-map-0.0.1.tgz",
      "integrity": "sha1-2Klr13/Wjfd5OnMDajug1UBdR3s="
    },
    "core-util-is": {
      "version": "1.0.2",
      "resolved": "https://registry.npmjs.org/core-util-is/-/core-util-is-1.0.2.tgz",
      "integrity": "sha1-tf1UIgqivFq1eqtxQMlAdUUDwac="
    },
    "css-select": {
      "version": "1.2.0",
      "resolved": "https://registry.npmjs.org/css-select/-/css-select-1.2.0.tgz",
      "integrity": "sha1-KzoRBTnFNV8c2NMUYj6HCxIeyFg=",
      "requires": {
        "boolbase": "~1.0.0",
        "css-what": "2.1",
        "domutils": "1.5.1",
        "nth-check": "~1.0.1"
      }
    },
    "css-what": {
      "version": "2.1.2",
      "resolved": "https://registry.npmjs.org/css-what/-/css-what-2.1.2.tgz",
      "integrity": "sha1-wIdtnQSAkn19SSDc1yrzWVZJVU0="
    },
    "dashify": {
      "version": "0.1.0",
      "resolved": "https://registry.npmjs.org/dashify/-/dashify-0.1.0.tgz",
      "integrity": "sha1-EH2vnMpeMm4wqLOf+lBItmhJIuo="
    },
    "data-store": {
      "version": "0.8.2",
      "resolved": "https://registry.npmjs.org/data-store/-/data-store-0.8.2.tgz",
      "integrity": "sha1-jDnIclINB+iVTU/wzy1ztimcXfs=",
      "requires": {
        "collection-visit": "^0.1.1",
        "component-emitter": "^1.2.0",
        "extend-shallow": "^2.0.1",
        "get-value": "^1.1.5",
        "graceful-fs": "^4.1.2",
        "has-own-deep": "^0.1.4",
        "has-value": "^0.2.0",
        "kind-of": "^2.0.0",
        "lazy-cache": "^0.2.2",
        "mkdirp": "^0.5.1",
        "object.omit": "^2.0.0",
        "rimraf": "^2.4.2",
        "set-value": "^0.2.0",
        "union-value": "^0.1.1"
      }
    },
    "dom-serializer": {
      "version": "0.1.0",
      "resolved": "https://registry.npmjs.org/dom-serializer/-/dom-serializer-0.1.0.tgz",
      "integrity": "sha1-BzxpdUbOB4DOI75KKOKT5AvDDII=",
      "requires": {
        "domelementtype": "~1.1.1",
        "entities": "~1.1.1"
      },
      "dependencies": {
        "domelementtype": {
          "version": "1.1.3",
          "resolved": "https://registry.npmjs.org/domelementtype/-/domelementtype-1.1.3.tgz",
          "integrity": "sha1-vSh3PiZCiBrsUVRJJCmcXNgiGFs="
        }
      }
    },
    "domelementtype": {
      "version": "1.3.1",
      "resolved": "https://registry.npmjs.org/domelementtype/-/domelementtype-1.3.1.tgz",
      "integrity": "sha1-0EjESzew0Qp/Kj1f7j9DM9eQSB8="
    },
    "domhandler": {
      "version": "2.4.2",
      "resolved": "https://registry.npmjs.org/domhandler/-/domhandler-2.4.2.tgz",
      "integrity": "sha1-iAUJfpM9ZehVRvcm1g9euItE+AM=",
      "requires": {
        "domelementtype": "1"
      }
    },
    "domutils": {
      "version": "1.5.1",
      "resolved": "https://registry.npmjs.org/domutils/-/domutils-1.5.1.tgz",
      "integrity": "sha1-3NhIiib1Y9YQeeSMn3t+Mjc2gs8=",
      "requires": {
        "dom-serializer": "0",
        "domelementtype": "1"
      }
    },
    "ebook-convert": {
      "version": "2.0.1",
      "resolved": "https://registry.npmjs.org/ebook-convert/-/ebook-convert-2.0.1.tgz",
      "integrity": "sha1-M+0WQ4ALPRfOZikQCljxAPHqSyo=",
      "requires": {
        "command-exists": "^1.0.2",
        "to-flags": "^0.2.0",
        "xtend": "^4.0.1"
      }
    },
    "entities": {
      "version": "1.1.2",
      "resolved": "https://registry.npmjs.org/entities/-/entities-1.1.2.tgz",
      "integrity": "sha1-vfpzUplmTfr9NFKe1PhSKidf6lY="
    },
    "expand-object": {
      "version": "0.3.8",
      "resolved": "https://registry.npmjs.org/expand-object/-/expand-object-0.3.8.tgz",
      "integrity": "sha1-Dn0Z/Ud1lxpeIpdT3tG1ijSk1y4=",
      "requires": {
        "data-store": "^0.8.0",
        "get-stdin": "^4.0.1",
        "is-number": "^2.0.2",
        "minimist": "^1.1.2",
        "set-value": "^0.2.0"
      }
    },
    "extend-shallow": {
      "version": "2.0.1",
      "resolved": "https://registry.npmjs.org/extend-shallow/-/extend-shallow-2.0.1.tgz",
      "integrity": "sha1-Ua99YUrZqfYQ6huvu5idaxxWiQ8=",
      "requires": {
        "is-extendable": "^0.1.0"
      }
    },
    "for-in": {
      "version": "1.0.2",
      "resolved": "https://registry.npmjs.org/for-in/-/for-in-1.0.2.tgz",
      "integrity": "sha1-gQaNKVqBQuwKxybG4iAMMPttXoA="
    },
    "for-own": {
      "version": "0.1.5",
      "resolved": "https://registry.npmjs.org/for-own/-/for-own-0.1.5.tgz",
      "integrity": "sha1-UmXGgaTylNq78XyVCbZ2OqhFEM4=",
      "requires": {
        "for-in": "^1.0.1"
      }
    },
    "fs.realpath": {
      "version": "1.0.0",
      "resolved": "https://registry.npmjs.org/fs.realpath/-/fs.realpath-1.0.0.tgz",
      "integrity": "sha1-FQStJSMVjKpA20onh8sBQRmU6k8="
    },
    "get-stdin": {
      "version": "4.0.1",
      "resolved": "https://registry.npmjs.org/get-stdin/-/get-stdin-4.0.1.tgz",
      "integrity": "sha1-uWjGsKBDhDJJAui/Gl3zJXmkUP4="
    },
    "get-value": {
      "version": "1.3.1",
      "resolved": "https://registry.npmjs.org/get-value/-/get-value-1.3.1.tgz",
      "integrity": "sha1-isfvTyA4I5KyZGVI+bmtLcbIlkI=",
      "requires": {
        "arr-flatten": "^1.0.1",
        "is-extendable": "^0.1.1",
        "lazy-cache": "^0.2.4",
        "noncharacters": "^1.1.0"
      }
    },
    "gitbook-plugin-addcssjs": {
      "version": "1.0.2",
      "resolved": "https://registry.npmjs.org/gitbook-plugin-addcssjs/-/gitbook-plugin-addcssjs-1.0.2.tgz",
      "integrity": "sha1-ddta1kR03PPVkqpnwVnjoXzmKE0="
    },
    "gitbook-plugin-baidu-wis": {
      "version": "1.0.0",
      "resolved": "https://registry.npmjs.org/gitbook-plugin-baidu-wis/-/gitbook-plugin-baidu-wis-1.0.0.tgz",
      "integrity": "sha1-V/vvVZsvZ1k6ZE2VNFzgB5fWqqY="
    },
    "gitbook-plugin-download-chapter": {
      "version": "0.0.6",
      "resolved": "https://registry.npmjs.org/gitbook-plugin-download-chapter/-/gitbook-plugin-download-chapter-0.0.6.tgz",
      "integrity": "sha1-irJYrhnMAXeH6+4tbrNR1MUh7uE="
    },
    "gitbook-plugin-fancybox": {
      "version": "3.0.1",
      "resolved": "https://registry.npmjs.org/gitbook-plugin-fancybox/-/gitbook-plugin-fancybox-3.0.1.tgz",
      "integrity": "sha1-cOvCJvUIvDV6s6wMAAVUu7SRBEU=",
      "requires": {
        "cheerio": "~0.19.0",
        "multiline": "~1.0.2",
        "underscore": "~1.8.3"
      },
      "dependencies": {
        "cheerio": {
          "version": "0.19.0",
          "resolved": "https://registry.npmjs.org/cheerio/-/cheerio-0.19.0.tgz",
          "integrity": "sha1-dy5wFfLuKZZQltcepBdbdas1SSU=",
          "requires": {
            "css-select": "~1.0.0",
            "dom-serializer": "~0.1.0",
            "entities": "~1.1.1",
            "htmlparser2": "~3.8.1",
            "lodash": "^3.2.0"
          }
        },
        "css-select": {
          "version": "1.0.0",
          "resolved": "https://registry.npmjs.org/css-select/-/css-select-1.0.0.tgz",
          "integrity": "sha1-sRIcpRhI3SZOIkTQWM7iVN7rRLA=",
          "requires": {
            "boolbase": "~1.0.0",
            "css-what": "1.0",
            "domutils": "1.4",
            "nth-check": "~1.0.0"
          }
        },
        "css-what": {
          "version": "1.0.0",
          "resolved": "https://registry.npmjs.org/css-what/-/css-what-1.0.0.tgz",
          "integrity": "sha1-18wt9FGAZm+Z0rFEYmOUaeAPc2w="
        },
        "domhandler": {
          "version": "2.3.0",
          "resolved": "https://registry.npmjs.org/domhandler/-/domhandler-2.3.0.tgz",
          "integrity": "sha1-LeWaCCLVAn+r/28DLCsloqir5zg=",
          "requires": {
            "domelementtype": "1"
          }
        },
        "domutils": {
          "version": "1.4.3",
          "resolved": "https://registry.npmjs.org/domutils/-/domutils-1.4.3.tgz",
          "integrity": "sha1-CGVRN5bGswYDGFDhdVFrr4C3Km8=",
          "requires": {
            "domelementtype": "1"
          }
        },
        "htmlparser2": {
          "version": "3.8.3",
          "resolved": "https://registry.npmjs.org/htmlparser2/-/htmlparser2-3.8.3.tgz",
          "integrity": "sha1-mWwosZFRaovoZQGn15dX5ccMEGg=",
          "requires": {
            "domelementtype": "1",
            "domhandler": "2.3",
            "domutils": "1.5",
            "entities": "1.0",
            "readable-stream": "1.1"
          },
          "dependencies": {
            "domutils": {
              "version": "1.5.1",
              "resolved": "https://registry.npmjs.org/domutils/-/domutils-1.5.1.tgz",
              "integrity": "sha1-3NhIiib1Y9YQeeSMn3t+Mjc2gs8="
            },
            "entities": {
              "version": "1.0.0",
              "resolved": "https://registry.npmjs.org/entities/-/entities-1.0.0.tgz",
              "integrity": "sha1-sph6o4ITR/zeZCsk/fyeT7cSvyY="
            }
          }
        },
        "readable-stream": {
          "version": "1.1.14",
          "resolved": "https://registry.npmjs.org/readable-stream/-/readable-stream-1.1.14.tgz",
          "integrity": "sha1-fPTFTvZI44EwhMY23SB54WbAgdk=",
          "requires": {
            "core-util-is": "~1.0.0",
            "inherits": "~2.0.1",
            "isarray": "0.0.1",
            "string_decoder": "~0.10.x"
          }
        },
        "string_decoder": {
          "version": "0.10.31",
          "resolved": "https://registry.npmjs.org/string_decoder/-/string_decoder-0.10.31.tgz",
          "integrity": "sha1-YuIDvEF2bGwoyfyEMB2rHFMQ+pQ="
        }
      }
    },
    "gitbook-plugin-fi-nav": {
      "version": "0.0.4",
      "resolved": "https://registry.npmjs.org/gitbook-plugin-fi-nav/-/gitbook-plugin-fi-nav-0.0.4.tgz",
      "integrity": "sha1-Xc9VMLjk2EsbjhooTC9I3R0ConE=",
      "requires": {
        "cheerio": "*",
        "colors": "^1.1.2",
        "github-slugid": "1.0.1"
      }
    },
    "gitbook-plugin-fixhead": {
      "version": "0.0.1",
      "resolved": "https://registry.npmjs.org/gitbook-plugin-fixhead/-/gitbook-plugin-fixhead-0.0.1.tgz",
      "integrity": "sha1-9i3IkVlhMYzmYOFkwoZ3MdJpuR4="
    },
    "gitbook-plugin-language-picker": {
      "version": "0.1.0",
      "resolved": "https://registry.npmjs.org/gitbook-plugin-language-picker/-/gitbook-plugin-language-picker-0.1.0.tgz",
      "integrity": "sha1-Ga6qCN6zlzRdtP1sm9t/Ba/wkT0="
    },
    "gitbook-plugin-search-pro": {
      "version": "2.0.2",
      "resolved": "https://registry.npmjs.org/gitbook-plugin-search-pro/-/gitbook-plugin-search-pro-2.0.2.tgz",
      "integrity": "sha1-fOduj2XCBESJucaSc2sj+B/mofI=",
      "requires": {
        "html-entities": "1.2.0"
      }
    },
    "gitbook-plugin-toggle-chapters": {
      "version": "0.0.3",
      "resolved": "https://registry.npmjs.org/gitbook-plugin-toggle-chapters/-/gitbook-plugin-toggle-chapters-0.0.3.tgz",
      "integrity": "sha1-bl9aphubLiIcOAzfbpKDIAFez7k="
    },
    "github-slugid": {
      "version": "1.0.1",
      "resolved": "https://registry.npmjs.org/github-slugid/-/github-slugid-1.0.1.tgz",
      "integrity": "sha1-vM3QgVv61p2KNZ+k/WWUfWBuw8A="
    },
    "glob": {
      "version": "7.1.3",
      "resolved": "https://registry.npmjs.org/glob/-/glob-7.1.3.tgz",
      "integrity": "sha512-vcfuiIxogLV4DlGBHIUOwI0IbrJ8HWPc4MU7HzviGeNho/UJDfi6B5p3sHeWIQ0KGIU0Jpxi5ZHxemQfLkkAwQ==",
      "requires": {
        "fs.realpath": "^1.0.0",
        "inflight": "^1.0.4",
        "inherits": "2",
        "minimatch": "^3.0.4",
        "once": "^1.3.0",
        "path-is-absolute": "^1.0.0"
      }
    },
    "graceful-fs": {
      "version": "4.1.15",
      "resolved": "https://registry.npmjs.org/graceful-fs/-/graceful-fs-4.1.15.tgz",
      "integrity": "sha512-6uHUhOPEBgQ24HM+r6b/QwWfZq+yiFcipKFrOFiBEnWdy5sdzYoi+pJeQaPI5qOLRFqWmAXUPQNsielzdLoecA=="
    },
    "has-own-deep": {
      "version": "0.1.4",
      "resolved": "https://registry.npmjs.org/has-own-deep/-/has-own-deep-0.1.4.tgz",
      "integrity": "sha1-kesM2ieAgxWPgEKigxZDTpr+eHY="
    },
    "has-value": {
      "version": "0.2.1",
      "resolved": "https://registry.npmjs.org/has-value/-/has-value-0.2.1.tgz",
      "integrity": "sha1-27FNoUDUKai81PCJvBkPfbML73A=",
      "requires": {
        "get-value": "^2.0.0",
        "has-values": "^0.1.3"
      },
      "dependencies": {
        "get-value": {
          "version": "2.0.6",
          "resolved": "https://registry.npmjs.org/get-value/-/get-value-2.0.6.tgz",
          "integrity": "sha1-3BXKHGcjh8p2vTesCjlbogQqLCg="
        }
      }
    },
    "has-values": {
      "version": "0.1.4",
      "resolved": "https://registry.npmjs.org/has-values/-/has-values-0.1.4.tgz",
      "integrity": "sha1-bWHeldkd/Km5oCCJrThL/49it3E="
    },
    "html-entities": {
      "version": "1.2.0",
      "resolved": "https://registry.npmjs.org/html-entities/-/html-entities-1.2.0.tgz",
      "integrity": "sha1-QZSMr4XOgv7Tbk5qDtNxpmZDeeI="
    },
    "htmlparser2": {
      "version": "3.10.0",
      "resolved": "https://registry.npmjs.org/htmlparser2/-/htmlparser2-3.10.0.tgz",
      "integrity": "sha1-X15CLc9hGcDZg+02Jgzp3tC+5GQ=",
      "requires": {
        "domelementtype": "^1.3.0",
        "domhandler": "^2.3.0",
        "domutils": "^1.5.1",
        "entities": "^1.1.1",
        "inherits": "^2.0.1",
        "readable-stream": "^3.0.6"
      }
    },
    "inflight": {
      "version": "1.0.6",
      "resolved": "https://registry.npmjs.org/inflight/-/inflight-1.0.6.tgz",
      "integrity": "sha1-Sb1jMdfQLQwJvJEKEHW6gWW1bfk=",
      "requires": {
        "once": "^1.3.0",
        "wrappy": "1"
      }
    },
    "inherits": {
      "version": "2.0.3",
      "resolved": "https://registry.npmjs.org/inherits/-/inherits-2.0.3.tgz",
      "integrity": "sha1-Yzwsg+PaQqUC9SRmAiSA9CCCYd4="
    },
    "is-buffer": {
      "version": "1.1.6",
      "resolved": "https://registry.npmjs.org/is-buffer/-/is-buffer-1.1.6.tgz",
      "integrity": "sha512-NcdALwpXkTm5Zvvbk7owOUSvVvBKDgKP5/ewfXEznmQFfs4ZRmanOeKBTjRVjka3QFoN6XJ+9F3USqfHqTaU5w=="
    },
    "is-extendable": {
      "version": "0.1.1",
      "resolved": "https://registry.npmjs.org/is-extendable/-/is-extendable-0.1.1.tgz",
      "integrity": "sha1-YrEQ4omkcUGOPsNqYX1HLjAd/Ik="
    },
    "is-number": {
      "version": "2.1.0",
      "resolved": "https://registry.npmjs.org/is-number/-/is-number-2.1.0.tgz",
      "integrity": "sha1-Afy7s5NGOlSPL0ZszhbezknbkI8=",
      "requires": {
        "kind-of": "^3.0.2"
      },
      "dependencies": {
        "kind-of": {
          "version": "3.2.2",
          "resolved": "https://registry.npmjs.org/kind-of/-/kind-of-3.2.2.tgz",
          "integrity": "sha1-MeohpzS6ubuw8yRm2JOupR5KPGQ=",
          "requires": {
            "is-buffer": "^1.1.5"
          }
        }
      }
    },
    "is-primitive": {
      "version": "2.0.0",
      "resolved": "https://registry.npmjs.org/is-primitive/-/is-primitive-2.0.0.tgz",
      "integrity": "sha1-IHurkWOEmcB7Kt8kCkGochADRXU="
    },
    "isarray": {
      "version": "0.0.1",
      "resolved": "https://registry.npmjs.org/isarray/-/isarray-0.0.1.tgz",
      "integrity": "sha1-ihis/Kmo9Bd+Cav8YDiTmwXR7t8="
    },
    "isobject": {
      "version": "2.1.0",
      "resolved": "https://registry.npmjs.org/isobject/-/isobject-2.1.0.tgz",
      "integrity": "sha1-8GVWEJaj8dou9GJy+BXIQNh+DIk=",
      "requires": {
        "isarray": "1.0.0"
      },
      "dependencies": {
        "isarray": {
          "version": "1.0.0",
          "resolved": "https://registry.npmjs.org/isarray/-/isarray-1.0.0.tgz",
          "integrity": "sha1-u5NdSFgsuhaMBoNJV6VKPgcSTxE="
        }
      }
    },
    "kind-of": {
      "version": "2.0.1",
      "resolved": "https://registry.npmjs.org/kind-of/-/kind-of-2.0.1.tgz",
      "integrity": "sha1-AY7HpM5+OobLkUG+UZ0kyPqpgbU=",
      "requires": {
        "is-buffer": "^1.0.2"
      }
    },
    "lazy-cache": {
      "version": "0.2.7",
      "resolved": "https://registry.npmjs.org/lazy-cache/-/lazy-cache-0.2.7.tgz",
      "integrity": "sha1-f+3fLctu23fRHvHRF6tf/fCrG2U="
    },
    "lodash": {
      "version": "3.10.1",
      "resolved": "https://registry.npmjs.org/lodash/-/lodash-3.10.1.tgz",
      "integrity": "sha1-W/Rejkm6QYnhfUgnid/RW9FAt7Y="
    },
    "lodash.assignin": {
      "version": "4.2.0",
      "resolved": "https://registry.npmjs.org/lodash.assignin/-/lodash.assignin-4.2.0.tgz",
      "integrity": "sha1-uo31+4QesKPoBEIysOJjqNxqKKI="
    },
    "lodash.bind": {
      "version": "4.2.1",
      "resolved": "https://registry.npmjs.org/lodash.bind/-/lodash.bind-4.2.1.tgz",
      "integrity": "sha1-euMBfpOWIqwxt9fX3LGzTbFpDTU="
    },
    "lodash.defaults": {
      "version": "4.2.0",
      "resolved": "https://registry.npmjs.org/lodash.defaults/-/lodash.defaults-4.2.0.tgz",
      "integrity": "sha1-0JF4cW/+pN3p5ft7N/bwgCJ0WAw="
    },
    "lodash.filter": {
      "version": "4.6.0",
      "resolved": "https://registry.npmjs.org/lodash.filter/-/lodash.filter-4.6.0.tgz",
      "integrity": "sha1-ZosdSYFgOuHMWm+nYBQ+SAtMSs4="
    },
    "lodash.flatten": {
      "version": "4.4.0",
      "resolved": "https://registry.npmjs.org/lodash.flatten/-/lodash.flatten-4.4.0.tgz",
      "integrity": "sha1-8xwiIlqWMtK7+OSt2+8kCqdlph8="
    },
    "lodash.foreach": {
      "version": "4.5.0",
      "resolved": "https://registry.npmjs.org/lodash.foreach/-/lodash.foreach-4.5.0.tgz",
      "integrity": "sha1-Gmo16s5AEoDH8G3d7DUWWrJ+PlM="
    },
    "lodash.map": {
      "version": "4.6.0",
      "resolved": "https://registry.npmjs.org/lodash.map/-/lodash.map-4.6.0.tgz",
      "integrity": "sha1-dx7Hg540c9nEzeKLGTlMNWL09tM="
    },
    "lodash.merge": {
      "version": "4.6.1",
      "resolved": "https://registry.npmjs.org/lodash.merge/-/lodash.merge-4.6.1.tgz",
      "integrity": "sha1-rcJdnLmbk5HFliTzefu6YNcRHVQ="
    },
    "lodash.pick": {
      "version": "4.4.0",
      "resolved": "https://registry.npmjs.org/lodash.pick/-/lodash.pick-4.4.0.tgz",
      "integrity": "sha1-UvBWEP/53tQiYRRB7R/BI6AwAbM="
    },
    "lodash.reduce": {
      "version": "4.6.0",
      "resolved": "https://registry.npmjs.org/lodash.reduce/-/lodash.reduce-4.6.0.tgz",
      "integrity": "sha1-8atrg5KZrUj3hKu/R2WW8DuRTTs="
    },
    "lodash.reject": {
      "version": "4.6.0",
      "resolved": "https://registry.npmjs.org/lodash.reject/-/lodash.reject-4.6.0.tgz",
      "integrity": "sha1-gNZJLcFHCGS79YNTO2UfQqn1JBU="
    },
    "lodash.some": {
      "version": "4.6.0",
      "resolved": "https://registry.npmjs.org/lodash.some/-/lodash.some-4.6.0.tgz",
      "integrity": "sha1-G7nzFO9ri63tE7VJFpsqlF62jk0="
    },
    "map-visit": {
      "version": "0.1.5",
      "resolved": "https://registry.npmjs.org/map-visit/-/map-visit-0.1.5.tgz",
      "integrity": "sha1-2+Q5J85VJbgN/BVzpE1oxR8mgWs=",
      "requires": {
        "lazy-cache": "^2.0.1",
        "object-visit": "^0.3.4"
      },
      "dependencies": {
        "lazy-cache": {
          "version": "2.0.2",
          "resolved": "https://registry.npmjs.org/lazy-cache/-/lazy-cache-2.0.2.tgz",
          "integrity": "sha1-uRkKT5EzVGlIQIWfio9whNiCImQ=",
          "requires": {
            "set-getter": "^0.1.0"
          }
        },
        "object-visit": {
          "version": "0.3.4",
          "resolved": "https://registry.npmjs.org/object-visit/-/object-visit-0.3.4.tgz",
          "integrity": "sha1-rhXPhvCy/dVRdxY2RIRSxUw9qCk=",
          "requires": {
            "isobject": "^2.0.0"
          }
        }
      }
    },
    "minimatch": {
      "version": "3.0.4",
      "resolved": "https://registry.npmjs.org/minimatch/-/minimatch-3.0.4.tgz",
      "integrity": "sha512-yJHVQEhyqPLUTgt9B83PXu6W3rx4MvvHvSUvToogpwoGDOUQ+yDrR0HRot+yOCdCO7u4hX3pWft6kWBBcqh0UA==",
      "requires": {
        "brace-expansion": "^1.1.7"
      }
    },
    "minimist": {
      "version": "1.2.0",
      "resolved": "https://registry.npmjs.org/minimist/-/minimist-1.2.0.tgz",
      "integrity": "sha1-o1AIsg9BOD7sH7kU9M1d95omQoQ="
    },
    "mkdirp": {
      "version": "0.5.1",
      "resolved": "https://registry.npmjs.org/mkdirp/-/mkdirp-0.5.1.tgz",
      "integrity": "sha1-MAV0OOrGz3+MR2fzhkjWaX11yQM=",
      "requires": {
        "minimist": "0.0.8"
      },
      "dependencies": {
        "minimist": {
          "version": "0.0.8",
          "resolved": "https://registry.npmjs.org/minimist/-/minimist-0.0.8.tgz",
          "integrity": "sha1-hX/Kv8M5fSYluCKCYuhqp6ARsF0="
        }
      }
    },
    "multiline": {
      "version": "1.0.2",
      "resolved": "https://registry.npmjs.org/multiline/-/multiline-1.0.2.tgz",
      "integrity": "sha1-abHyX/B00oKJBPJE3dBrfZbvbJM=",
      "requires": {
        "strip-indent": "^1.0.0"
      }
    },
    "noncharacters": {
      "version": "1.1.0",
      "resolved": "https://registry.npmjs.org/noncharacters/-/noncharacters-1.1.0.tgz",
      "integrity": "sha1-rzPfMP1Q7TxTzSAiWPJa2pC1QNI="
    },
    "nth-check": {
      "version": "1.0.2",
      "resolved": "https://registry.npmjs.org/nth-check/-/nth-check-1.0.2.tgz",
      "integrity": "sha1-sr0pXDfj3VijvwcAN2Zjuk2c8Fw=",
      "requires": {
        "boolbase": "~1.0.0"
      }
    },
    "object-visit": {
      "version": "0.1.0",
      "resolved": "https://registry.npmjs.org/object-visit/-/object-visit-0.1.0.tgz",
      "integrity": "sha1-sbtnSfIo7nbgxC84UdKKFNIzziY=",
      "requires": {
        "isobject": "^1.0.0"
      },
      "dependencies": {
        "isobject": {
          "version": "1.0.2",
          "resolved": "https://registry.npmjs.org/isobject/-/isobject-1.0.2.tgz",
          "integrity": "sha1-8Pm4zpLdVA+gdAiC44NaLgIux4o="
        }
      }
    },
    "object.omit": {
      "version": "2.0.1",
      "resolved": "https://registry.npmjs.org/object.omit/-/object.omit-2.0.1.tgz",
      "integrity": "sha1-Gpx0SCnznbuFjHbKNXmuKlTr0fo=",
      "requires": {
        "for-own": "^0.1.4",
        "is-extendable": "^0.1.1"
      }
    },
    "once": {
      "version": "1.4.0",
      "resolved": "https://registry.npmjs.org/once/-/once-1.4.0.tgz",
      "integrity": "sha1-WDsap3WWHUsROsF9nFC6753Xa9E=",
      "requires": {
        "wrappy": "1"
      }
    },
    "path-is-absolute": {
      "version": "1.0.1",
      "resolved": "https://registry.npmjs.org/path-is-absolute/-/path-is-absolute-1.0.1.tgz",
      "integrity": "sha1-F0uSaHNVNP+8es5r9TpanhtcX18="
    },
    "readable-stream": {
      "version": "3.1.1",
      "resolved": "https://registry.npmjs.org/readable-stream/-/readable-stream-3.1.1.tgz",
      "integrity": "sha1-7Wu8bFuliwkAOf8YzmcFFXla6wY=",
      "requires": {
        "inherits": "^2.0.3",
        "string_decoder": "^1.1.1",
        "util-deprecate": "^1.0.1"
      }
    },
    "regex-flags": {
      "version": "0.1.0",
      "resolved": "https://registry.npmjs.org/regex-flags/-/regex-flags-0.1.0.tgz",
      "integrity": "sha1-NEJ5hCj6rtU7DP7ef1cEQRDtHpQ=",
      "requires": {
        "kind-of": "^2.0.0"
      }
    },
    "rimraf": {
      "version": "2.6.3",
      "resolved": "https://registry.npmjs.org/rimraf/-/rimraf-2.6.3.tgz",
      "integrity": "sha512-mwqeW5XsA2qAejG46gYdENaxXjx9onRNCfn7L0duuP4hCuTIi/QO7PDK07KJfp1d+izWPrzEJDcSqBa0OZQriA==",
      "requires": {
        "glob": "^7.1.3"
      }
    },
    "safe-buffer": {
      "version": "5.1.2",
      "resolved": "https://registry.npmjs.org/safe-buffer/-/safe-buffer-5.1.2.tgz",
      "integrity": "sha1-mR7GnSluAxN0fVm9/St0XDX4go0="
    },
    "set-getter": {
      "version": "0.1.0",
      "resolved": "https://registry.npmjs.org/set-getter/-/set-getter-0.1.0.tgz",
      "integrity": "sha1-12nBgsnVpR9AkUXy+6guXoboA3Y=",
      "requires": {
        "to-object-path": "^0.3.0"
      }
    },
    "set-value": {
      "version": "0.2.0",
      "resolved": "https://registry.npmjs.org/set-value/-/set-value-0.2.0.tgz",
      "integrity": "sha1-c7CmglwVjGoWqCu9yVd1vyqCX6s=",
      "requires": {
        "isobject": "^1.0.0",
        "noncharacters": "^1.1.0"
      },
      "dependencies": {
        "isobject": {
          "version": "1.0.2",
          "resolved": "https://registry.npmjs.org/isobject/-/isobject-1.0.2.tgz",
          "integrity": "sha1-8Pm4zpLdVA+gdAiC44NaLgIux4o="
        }
      }
    },
    "string_decoder": {
      "version": "1.2.0",
      "resolved": "https://registry.npmjs.org/string_decoder/-/string_decoder-1.2.0.tgz",
      "integrity": "sha1-/obnOLGVRK/nBGkkOyoe6SQOro0=",
      "requires": {
        "safe-buffer": "~5.1.0"
      }
    },
    "strip-indent": {
      "version": "1.0.1",
      "resolved": "https://registry.npmjs.org/strip-indent/-/strip-indent-1.0.1.tgz",
      "integrity": "sha1-DHlipq3vp7vUrDZkYKY4VSrhoKI=",
      "requires": {
        "get-stdin": "^4.0.1"
      }
    },
    "to-flag": {
      "version": "1.0.0",
      "resolved": "https://registry.npmjs.org/to-flag/-/to-flag-1.0.0.tgz",
      "integrity": "sha1-//617zNX88XmTP0h5+FpjQRMg0s=",
      "requires": {
        "collapse-object": "^0.1.0",
        "dashify": "^0.1.0",
        "is-primitive": "^2.0.0"
      }
    },
    "to-flags": {
      "version": "0.2.0",
      "resolved": "https://registry.npmjs.org/to-flags/-/to-flags-0.2.0.tgz",
      "integrity": "sha1-7BXCii5gIuclfGWWd61NEkhf9L4=",
      "requires": {
        "to-flag": "^1.0.0"
      }
    },
    "to-object-path": {
      "version": "0.3.0",
      "resolved": "https://registry.npmjs.org/to-object-path/-/to-object-path-0.3.0.tgz",
      "integrity": "sha1-KXWIt7Dn4KwI4E5nL4XB9JmeF68=",
      "requires": {
        "kind-of": "^3.0.2"
      },
      "dependencies": {
        "kind-of": {
          "version": "3.2.2",
          "resolved": "https://registry.npmjs.org/kind-of/-/kind-of-3.2.2.tgz",
          "integrity": "sha1-MeohpzS6ubuw8yRm2JOupR5KPGQ=",
          "requires": {
            "is-buffer": "^1.1.5"
          }
        }
      }
    },
    "underscore": {
      "version": "1.8.3",
      "resolved": "https://registry.npmjs.org/underscore/-/underscore-1.8.3.tgz",
      "integrity": "sha1-Tz+1OxBuYJf8+ctBCfKl6b36UCI="
    },
    "union-value": {
      "version": "0.1.1",
      "resolved": "https://registry.npmjs.org/union-value/-/union-value-0.1.1.tgz",
      "integrity": "sha1-aSDlkH7uK/8Rt8f7CYuIi/p8xU8=",
      "requires": {
        "arr-union": "^3.0.0",
        "get-value": "^1.1.5",
        "is-extendable": "^0.1.1",
        "set-value": "^0.2.0"
      }
    },
    "util-deprecate": {
      "version": "1.0.2",
      "resolved": "https://registry.npmjs.org/util-deprecate/-/util-deprecate-1.0.2.tgz",
      "integrity": "sha1-RQ1Nyfpw3nMnYvvS1KKJgUGaDM8="
    },
    "wrappy": {
      "version": "1.0.2",
      "resolved": "https://registry.npmjs.org/wrappy/-/wrappy-1.0.2.tgz",
      "integrity": "sha1-tSQ9jz7BqjXxNkYFvA0QNuMKtp8="
    },
    "xtend": {
      "version": "4.0.1",
      "resolved": "https://registry.npmjs.org/xtend/-/xtend-4.0.1.tgz",
      "integrity": "sha1-pcbVMr5lbiPbgg77lDofBJmNY68="
    }
  }
}
